
Microsoft Visual Studio Solution File, Format Version 12.00
# Visual Studio Version 16
VisualStudioVersion = 16.0.32413.511
MinimumVisualStudioVersion = 10.0.40219.1
Project("{9A19103F-16F7-4668-BE54-9A1E7A4F7556}") = "LuccaDevises", "LuccaDevises\LuccaDevises.csproj", "{A74BF075-0EE9-4A11-AE8C-9AFD404E576F}"
EndProject
Project("{FAE04EC0-301F-11D3-BF4B-00C04F79EFBC}") = "LuccaDevisesTest", "LuccaDevisesTest\LuccaDevisesTest.csproj", "{4B5E7246-9DC6-46C9-B931-AEB8A14F1174}"
EndProject
Global
	GlobalSection(SolutionConfigurationPlatforms) = preSolution
		Debug|Any CPU = Debug|Any CPU
		Release|Any CPU = Release|Any CPU
	EndGlobalSection
	GlobalSection(ProjectConfigurationPlatforms) = postSolution
		{A74BF075-0EE9-4A11-AE8C-9AFD404E576F}.Debug|Any CPU.ActiveCfg = Debug|Any CPU
		{A74BF075-0EE9-4A11-AE8C-9AFD404E576F}.Debug|Any CPU.Build.0 = Debug|Any CPU
		{A74BF075-0EE9-4A11-AE8C-9AFD404E576F}.Release|Any CPU.ActiveCfg = Release|Any CPU
		{A74BF075-0EE9-4A11-AE8C-9AFD404E576F}.Release|Any CPU.Build.0 = Release|Any CPU
		{4B5E7246-9DC6-46C9-B931-AEB8A14F1174}.Debug|Any CPU.ActiveCfg = Debug|Any CPU
		{4B5E7246-9DC6-46C9-B931-AEB8A14F1174}.Debug|Any CPU.Build.0 = Debug|Any CPU
		{4B5E7246-9DC6-46C9-B931-AEB8A14F1174}.Release|Any CPU.ActiveCfg = Release|Any CPU
		{4B5E7246-9DC6-46C9-B931-AEB8A14F1174}.Release|Any CPU.Build.0 = Release|Any CPU
	EndGlobalSection
	GlobalSection(SolutionProperties) = preSolution
		HideSolutionNode = FALSE
	EndGlobalSection
	GlobalSection(ExtensibilityGlobals) = postSolution
		SolutionGuid = {CB01F62C-B2F6-433D-AA5D-4A9E75004506}
	EndGlobalSection
EndGlobal
